Microsoft Visual Studio Solution File, Format Version 12.00
# Visual Studio Version 17
VisualStudioVersion = 17.0.31611.283
MinimumVisualStudioVersion = 10.0.40219.1
Project("{9A19103F-16F7-4668-BE54-9A1E7A4F7556}") = "ArkToDoMauiBlazor", "ArkToDo\ArkToDoMauiBlazor.csproj", "{CB466781-FE82-4401-B18F-3428DFBEE684}"
EndProject
Project("{FAE04EC0-301F-11D3-BF4B-00C04F79EFBC}") = "ArkToDoMaui", "ArkToDoMaui\ArkToDoMaui.csproj", "{75B6638A-FCB3-474C-BDDC-A8226138D99D}"
EndProject
Global
	GlobalSection(SolutionConfigurationPlatforms) = preSolution
		Debug|Any CPU = Debug|Any CPU
		Release|Any CPU = Release|Any CPU
	EndGlobalSection
	GlobalSection(ProjectConfigurationPlatforms) = postSolution
		{CB466781-FE82-4401-B18F-3428DFBEE684}.Debug|Any CPU.ActiveCfg = Debug|Any CPU
		{CB466781-FE82-4401-B18F-3428DFBEE684}.Debug|Any CPU.Build.0 = Debug|Any CPU
		{CB466781-FE82-4401-B18F-3428DFBEE684}.Debug|Any CPU.Deploy.0 = Debug|Any CPU
		{CB466781-FE82-4401-B18F-3428DFBEE684}.Release|Any CPU.ActiveCfg = Release|Any CPU
		{CB466781-FE82-4401-B18F-3428DFBEE684}.Release|Any CPU.Build.0 = Release|Any CPU
		{CB466781-FE82-4401-B18F-3428DFBEE684}.Release|Any CPU.Deploy.0 = Release|Any CPU
		{75B6638A-FCB3-474C-BDDC-A8226138D99D}.Debug|Any CPU.ActiveCfg = Debug|Any CPU
		{75B6638A-FCB3-474C-BDDC-A8226138D99D}.Debug|Any CPU.Build.0 = Debug|Any CPU
		{75B6638A-FCB3-474C-BDDC-A8226138D99D}.Debug|Any CPU.Deploy.0 = Debug|Any CPU
		{75B6638A-FCB3-474C-BDDC-A8226138D99D}.Release|Any CPU.ActiveCfg = Release|Any CPU
		{75B6638A-FCB3-474C-BDDC-A8226138D99D}.Release|Any CPU.Build.0 = Release|Any CPU
		{75B6638A-FCB3-474C-BDDC-A8226138D99D}.Release|Any CPU.Deploy.0 = Release|Any CPU
	EndGlobalSection
	GlobalSection(SolutionProperties) = preSolution
		HideSolutionNode = FALSE
	EndGlobalSection
	GlobalSection(ExtensibilityGlobals) = postSolution
		SolutionGuid = {61F7FB11-1E47-470C-91E2-47F8143E1572}
	EndGlobalSection
EndGlobal
